# THIS IS AN AUTOGENERATED FILE. DO NOT EDIT THIS FILE DIRECTLY.
# yarn lockfile v1


vue@^2.6.10:
  version "2.6.10"
  resolved "https://registry.yarnpkg.com/vue/-/vue-2.6.10.tgz#a72b1a42a4d82a721ea438d1b6bf55e66195c637"
  integrity sha512-ImThpeNU9HbdZL3utgMCq0oiMzAkt1mcgy3/E6zWC/G6AaQoeuFdsl9nDhTDU3X1R6FK7nsIUuRACVcjI+A2GQ==

yu-front@*:
  version "1.5.5"
  resolved "https://registry.yarnpkg.com/yu-front/-/yu-front-1.5.5.tgz#b8b6a118bdccdaa9477053e7d8d03b74af205009"
  integrity sha512-whAvR/d3c1k1qywR5VGOijFWJT9yeMzkhWCjTzu8lW+gIszmgGjK5gXU3J6Xw3EXyxxBmTCgoy/rcgIe7WvTAg==
  dependencies:
    yu-util "*"

yu-util@*:
  version "1.1.7"
  resolved "https://registry.yarnpkg.com/yu-util/-/yu-util-1.1.7.tgz#9246a0180b9a409ef21045fe4a270fd59c2f72c2"
  integrity sha512-+d4jxrxY5vYUMAsTzOmCrvePsKB4PR9u5zzrCx9sN/GmrFrpDiO9zpalJF/G8N6pXMHoYTC/zWJ8zSRELoFliQ==
